{
  "name": "robot-art",
  "version": "1.0.0",
  "lockfileVersion": 2,
  "requires": true,
  "packages": {
    "": {
      "version": "1.0.0",
      "hasInstallScript": true,
      "license": "ISC",
      "dependencies": {
        "@prisma/client": "^2.22.1"
      },
      "devDependencies": {
        "prisma": "^2.22.1"
      }
    },
    "node_modules/@prisma/client": {
      "version": "2.22.1",
      "resolved": "https://registry.npmjs.org/@prisma/client/-/client-2.22.1.tgz",
      "integrity": "sha512-JQjbsY6QSfFiovXHEp5WeJHa5p2CuR1ZFPAeYXmUsOAQOaMCrhgQmKAL6w2Q3SRA7ALqPjrKywN9/QfBc4Kp1A==",
      "hasInstallScript": true,
      "dependencies": {
        "@prisma/engines-version": "2.22.0-21.60cc71d884972ab4e897f0277c4b84383dddaf6c"
      },
      "engines": {
        "node": ">=10.16"
      },
      "peerDependencies": {
        "prisma": "*"
      },
      "peerDependenciesMeta": {
        "prisma": {
          "optional": true
        }
      }
    },
    "node_modules/@prisma/engines": {
      "version": "2.22.0-21.60cc71d884972ab4e897f0277c4b84383dddaf6c",
      "resolved": "https://registry.npmjs.org/@prisma/engines/-/engines-2.22.0-21.60cc71d884972ab4e897f0277c4b84383dddaf6c.tgz",
      "integrity": "sha512-KmWdogrsfsSLYvfqY3cS3QcDGzaEFklE+T6dNJf+k/KPQum4A29IwDalafMwh5cMN8ivZobUbowNSwWJrMT08Q==",
      "devOptional": true,
      "hasInstallScript": true
    },
    "node_modules/@prisma/engines-version": {
      "version": "2.22.0-21.60cc71d884972ab4e897f0277c4b84383dddaf6c",
      "resolved": "https://registry.npmjs.org/@prisma/engines-version/-/engines-version-2.22.0-21.60cc71d884972ab4e897f0277c4b84383dddaf6c.tgz",
      "integrity": "sha512-OkkVwk6iTzTbwwl8JIKAENyxmh4TFORal55QMKQzrHEY8UzbD0M90mQnmziz3PAopQUZgTFFMlaPAq1WNrLMtA=="
    },
    "node_modules/prisma": {
      "version": "2.22.1",
      "resolved": "https://registry.npmjs.org/prisma/-/prisma-2.22.1.tgz",
      "integrity": "sha512-hwvCM3zyxgSda/+/p+GW7nz93jRebtMU01wAG7YVVnl0OKU+dpw1wPvPFmQRldkZHk8fTCleYmjc24WaSdVPZQ==",
      "devOptional": true,
      "hasInstallScript": true,
      "dependencies": {
        "@prisma/engines": "2.22.0-21.60cc71d884972ab4e897f0277c4b84383dddaf6c"
      },
      "bin": {
        "prisma": "build/index.js",
        "prisma2": "build/index.js"
      },
      "engines": {
        "node": ">=10.4"
      }
    }
  },
  "dependencies": {
    "@prisma/client": {
      "version": "2.22.1",
      "resolved": "https://registry.npmjs.org/@prisma/client/-/client-2.22.1.tgz",
      "integrity": "sha512-JQjbsY6QSfFiovXHEp5WeJHa5p2CuR1ZFPAeYXmUsOAQOaMCrhgQmKAL6w2Q3SRA7ALqPjrKywN9/QfBc4Kp1A==",
      "requires": {
        "@prisma/engines-version": "2.22.0-21.60cc71d884972ab4e897f0277c4b84383dddaf6c"
      }
    },
    "@prisma/engines": {
      "version": "2.22.0-21.60cc71d884972ab4e897f0277c4b84383dddaf6c",
      "resolved": "https://registry.npmjs.org/@prisma/engines/-/engines-2.22.0-21.60cc71d884972ab4e897f0277c4b84383dddaf6c.tgz",
      "integrity": "sha512-KmWdogrsfsSLYvfqY3cS3QcDGzaEFklE+T6dNJf+k/KPQum4A29IwDalafMwh5cMN8ivZobUbowNSwWJrMT08Q==",
      "devOptional": true
    },
    "@prisma/engines-version": {
      "version": "2.22.0-21.60cc71d884972ab4e897f0277c4b84383dddaf6c",
      "resolved": "https://registry.npmjs.org/@prisma/engines-version/-/engines-version-2.22.0-21.60cc71d884972ab4e897f0277c4b84383dddaf6c.tgz",
      "integrity": "sha512-OkkVwk6iTzTbwwl8JIKAENyxmh4TFORal55QMKQzrHEY8UzbD0M90mQnmziz3PAopQUZgTFFMlaPAq1WNrLMtA=="
    },
    "prisma": {
      "version": "2.22.1",
      "resolved": "https://registry.npmjs.org/prisma/-/prisma-2.22.1.tgz",
      "integrity": "sha512-hwvCM3zyxgSda/+/p+GW7nz93jRebtMU01wAG7YVVnl0OKU+dpw1wPvPFmQRldkZHk8fTCleYmjc24WaSdVPZQ==",
      "devOptional": true,
      "requires": {
        "@prisma/engines": "2.22.0-21.60cc71d884972ab4e897f0277c4b84383dddaf6c"
      }
    }
  }
}
